
Microsoft Visual Studio Solution File, Format Version 12.00
# Visual Studio Version 16
VisualStudioVersion = 16.0.29123.88
MinimumVisualStudioVersion = 10.0.40219.1
Project("{8BC9CEB8-8B4A-11D0-8D11-00A0C91BC942}") = "DxLib", "DxLib\DxLib.vcxproj", "{B50B1B28-896A-449E-BECB-3AB3074923DD}"
EndProject
Project("{8BC9CEB8-8B4A-11D0-8D11-00A0C91BC942}") = "DxProject", "DxProject\DxProject.vcxproj", "{456DAF92-9F30-4768-808C-0579145044C1}"
EndProject
Global
	GlobalSection(SolutionConfigurationPlatforms) = preSolution
		Debug|x64 = Debug|x64
		Debug|x86 = Debug|x86
		Release|x64 = Release|x64
		Release|x86 = Release|x86
	EndGlobalSection
	GlobalSection(ProjectConfigurationPlatforms) = postSolution
		{B50B1B28-896A-449E-BECB-3AB3074923DD}.Debug|x64.ActiveCfg = Debug|x64
		{B50B1B28-896A-449E-BECB-3AB3074923DD}.Debug|x64.Build.0 = Debug|x64
		{B50B1B28-896A-449E-BECB-3AB3074923DD}.Debug|x86.ActiveCfg = Debug|Win32
		{B50B1B28-896A-449E-BECB-3AB3074923DD}.Debug|x86.Build.0 = Debug|Win32
		{B50B1B28-896A-449E-BECB-3AB3074923DD}.Release|x64.ActiveCfg = Release|x64
		{B50B1B28-896A-449E-BECB-3AB3074923DD}.Release|x64.Build.0 = Release|x64
		{B50B1B28-896A-449E-BECB-3AB3074923DD}.Release|x86.ActiveCfg = Release|Win32
		{B50B1B28-896A-449E-BECB-3AB3074923DD}.Release|x86.Build.0 = Release|Win32
		{456DAF92-9F30-4768-808C-0579145044C1}.Debug|x64.ActiveCfg = Debug|x64
		{456DAF92-9F30-4768-808C-0579145044C1}.Debug|x64.Build.0 = Debug|x64
		{456DAF92-9F30-4768-808C-0579145044C1}.Debug|x86.ActiveCfg = Debug|Win32
		{456DAF92-9F30-4768-808C-0579145044C1}.Debug|x86.Build.0 = Debug|Win32
		{456DAF92-9F30-4768-808C-0579145044C1}.Release|x64.ActiveCfg = Release|x64
		{456DAF92-9F30-4768-808C-0579145044C1}.Release|x64.Build.0 = Release|x64
		{456DAF92-9F30-4768-808C-0579145044C1}.Release|x86.ActiveCfg = Release|Win32
		{456DAF92-9F30-4768-808C-0579145044C1}.Release|x86.Build.0 = Release|Win32
	EndGlobalSection
	GlobalSection(SolutionProperties) = preSolution
		HideSolutionNode = FALSE
	EndGlobalSection
	GlobalSection(ExtensibilityGlobals) = postSolution
		SolutionGuid = {B8E15F3B-4C5F-4CF2-A398-3354C3D82B23}
	EndGlobalSection
EndGlobal
